github.com/xgfone/go-service v0.13.0 h1:fMrhsUwWQPepuzFxRkNdSK0TzvJrniFsqptKXBKrHMw=
github.com/xgfone/go-service v0.13.0/go.mod h1:kWoKAKvEW1ppg+d8GB6Icrllm7OqcesrazQVA3gMZ7E=
github.com/xgfone/ship/v3 v3.9.0 h1:iWxYL2RLJb3WeEaGznuX41vokzQo0/7mIVtxNSUMVZw=
github.com/xgfone/ship/v3 v3.9.0/go.mod h1:9NhBy6CHaR91R/qCMaaNISnLo6gR08sIZMmbeIvDqBQ=
github.com/xgfone/vitess-go v0.1.0 h1:uWMPLqSwizK2K99BVhEZqszrCrNweyrfI0FYydUGXVU=
github.com/xgfone/vitess-go v0.1.0/go.mod h1:DSOo2Cuhtkjpiv+Vs7whOMG1zfJIITP5VqV2JgZLOnA=
