github.com/xgfone/go-service v0.0.0-20210302144128-ae6c1d86aca9 h1:Q7zHoK1mTluELJP/F+/k6T+PjrBHeuLp20EWilkJejE=
github.com/xgfone/go-service v0.0.0-20210302144128-ae6c1d86aca9/go.mod h1:U02yebkzEcdQCPHGMbVk6iATHyhuRdoX2FWjKRrbxgo=
github.com/xgfone/ship/v3 v3.0.0-20210302144500-bb0f4bc6e9be h1:gXyKyf0EAjlpG7YOkPyy97Pd2pf8hrRqF5zk0xO0MgU=
github.com/xgfone/ship/v3 v3.0.0-20210302144500-bb0f4bc6e9be/go.mod h1:9NhBy6CHaR91R/qCMaaNISnLo6gR08sIZMmbeIvDqBQ=
