github.com/xgfone/go-service v0.17.0 h1:Lcu/C08tPGw1aTv8MY4RQTjZXWGIvpWuiqOLDEVOyJQ=
github.com/xgfone/go-service v0.17.0/go.mod h1:3ZhHy2YEtdwGWt3ow+Ab1ix2kY0X4NkEEnCGWrU3l14=
github.com/xgfone/ship/v3 v3.14.0 h1:NV8TmITNINTXzio5JKlDMHsntshBbkFMr3yHABjxuPI=
github.com/xgfone/ship/v3 v3.14.0/go.mod h1:9NhBy6CHaR91R/qCMaaNISnLo6gR08sIZMmbeIvDqBQ=
